
Microsoft Visual Studio Solution File, Format Version 12.00
# Visual Studio Version 16
VisualStudioVersion = 16.0.29519.87
MinimumVisualStudioVersion = 10.0.40219.1
Project("{FAE04EC0-301F-11D3-BF4B-00C04F79EFBC}") = "Enumerate", "Enumerate\Enumerate.csproj", "{301DA08A-9C6A-45A8-A103-7A91FBEBD8F9}"
EndProject
Global
	GlobalSection(SolutionConfigurationPlatforms) = preSolution
		Debug|Any CPU = Debug|Any CPU
		Release|Any CPU = Release|Any CPU
	EndGlobalSection
	GlobalSection(ProjectConfigurationPlatforms) = postSolution
		{301DA08A-9C6A-45A8-A103-7A91FBEBD8F9}.Debug|Any CPU.ActiveCfg = Debug|Any CPU
		{301DA08A-9C6A-45A8-A103-7A91FBEBD8F9}.Debug|Any CPU.Build.0 = Debug|Any CPU
		{301DA08A-9C6A-45A8-A103-7A91FBEBD8F9}.Release|Any CPU.ActiveCfg = Release|Any CPU
		{301DA08A-9C6A-45A8-A103-7A91FBEBD8F9}.Release|Any CPU.Build.0 = Release|Any CPU
	EndGlobalSection
	GlobalSection(SolutionProperties) = preSolution
		HideSolutionNode = FALSE
	EndGlobalSection
	GlobalSection(ExtensibilityGlobals) = postSolution
		SolutionGuid = {3D0C517A-5386-4664-B5D8-9E421631B0EC}
	EndGlobalSection
EndGlobal
