
Microsoft Visual Studio Solution File, Format Version 12.00
# Visual Studio Version 16
VisualStudioVersion = 16.0.29519.87
MinimumVisualStudioVersion = 10.0.40219.1
Project("{FAE04EC0-301F-11D3-BF4B-00C04F79EFBC}") = "FindOperation", "FindOperation\FindOperation.csproj", "{2B33F362-7760-4CC1-A60E-61AFF9CB158B}"
EndProject
Global
	GlobalSection(SolutionConfigurationPlatforms) = preSolution
		Debug|Any CPU = Debug|Any CPU
		Release|Any CPU = Release|Any CPU
	EndGlobalSection
	GlobalSection(ProjectConfigurationPlatforms) = postSolution
		{2B33F362-7760-4CC1-A60E-61AFF9CB158B}.Debug|Any CPU.ActiveCfg = Debug|Any CPU
		{2B33F362-7760-4CC1-A60E-61AFF9CB158B}.Debug|Any CPU.Build.0 = Debug|Any CPU
		{2B33F362-7760-4CC1-A60E-61AFF9CB158B}.Release|Any CPU.ActiveCfg = Release|Any CPU
		{2B33F362-7760-4CC1-A60E-61AFF9CB158B}.Release|Any CPU.Build.0 = Release|Any CPU
	EndGlobalSection
	GlobalSection(SolutionProperties) = preSolution
		HideSolutionNode = FALSE
	EndGlobalSection
	GlobalSection(ExtensibilityGlobals) = postSolution
		SolutionGuid = {2631753F-5AA9-492F-90C0-FE3913E3BEC7}
	EndGlobalSection
EndGlobal
